
Microsoft Visual Studio Solution File, Format Version 12.00
# Visual Studio Version 17
VisualStudioVersion = 17.8.34408.163
MinimumVisualStudioVersion = 10.0.40219.1
Project("{9A19103F-16F7-4668-BE54-9A1E7A4F7556}") = "Lab", "Lab\Lab.csproj", "{90DB0170-32BE-4370-8A71-9D9576AE1536}"
EndProject
Global
	GlobalSection(SolutionConfigurationPlatforms) = preSolution
		Debug|Any CPU = Debug|Any CPU
		Release|Any CPU = Release|Any CPU
	EndGlobalSection
	GlobalSection(ProjectConfigurationPlatforms) = postSolution
		{90DB0170-32BE-4370-8A71-9D9576AE1536}.Debug|Any CPU.ActiveCfg = Debug|Any CPU
		{90DB0170-32BE-4370-8A71-9D9576AE1536}.Debug|Any CPU.Build.0 = Debug|Any CPU
		{90DB0170-32BE-4370-8A71-9D9576AE1536}.Release|Any CPU.ActiveCfg = Release|Any CPU
		{90DB0170-32BE-4370-8A71-9D9576AE1536}.Release|Any CPU.Build.0 = Release|Any CPU
	EndGlobalSection
	GlobalSection(SolutionProperties) = preSolution
		HideSolutionNode = FALSE
	EndGlobalSection
	GlobalSection(ExtensibilityGlobals) = postSolution
		SolutionGuid = {03D9AB0A-C258-479B-9720-070F16889B4B}
	EndGlobalSection
EndGlobal
